
Microsoft Visual Studio Solution File, Format Version 12.00
# Visual Studio Version 17
VisualStudioVersion = 17.13.35931.197 d17.13
MinimumVisualStudioVersion = 10.0.40219.1
Project("{FAE04EC0-301F-11D3-BF4B-00C04F79EFBC}") = "Contacts.API", "Contacts.API\Contacts.API.csproj", "{5E986A12-A7D4-4E8A-B698-707A7F5083B8}"
EndProject
Global
	GlobalSection(SolutionConfigurationPlatforms) = preSolution
		Debug|Any CPU = Debug|Any CPU
		Release|Any CPU = Release|Any CPU
	EndGlobalSection
	GlobalSection(ProjectConfigurationPlatforms) = postSolution
		{5E986A12-A7D4-4E8A-B698-707A7F5083B8}.Debug|Any CPU.ActiveCfg = Debug|Any CPU
		{5E986A12-A7D4-4E8A-B698-707A7F5083B8}.Debug|Any CPU.Build.0 = Debug|Any CPU
		{5E986A12-A7D4-4E8A-B698-707A7F5083B8}.Release|Any CPU.ActiveCfg = Release|Any CPU
		{5E986A12-A7D4-4E8A-B698-707A7F5083B8}.Release|Any CPU.Build.0 = Release|Any CPU
	EndGlobalSection
	GlobalSection(SolutionProperties) = preSolution
		HideSolutionNode = FALSE
	EndGlobalSection
	GlobalSection(ExtensibilityGlobals) = postSolution
		SolutionGuid = {57ACA3DA-3741-4FE8-976E-06A327FBEC29}
	EndGlobalSection
EndGlobal
